
Microsoft Visual Studio Solution File, Format Version 12.00
# Visual Studio Version 17
VisualStudioVersion = 17.14.36908.2
MinimumVisualStudioVersion = 10.0.40219.1
Project("{FAE04EC0-301F-11D3-BF4B-00C04F79EFBC}") = "WorkflowApi", "WorkflowApi.csproj", "{2CCAF770-2411-087B-692E-DF11839C3A20}"
EndProject
Project("{FAE04EC0-301F-11D3-BF4B-00C04F79EFBC}") = "WorkflowApi.tests", "..\WorkflowApi.tests\WorkflowApi.tests.csproj", "{CEC53456-3F3C-1DBA-D247-7CF7647A7401}"
EndProject
Global
	GlobalSection(SolutionConfigurationPlatforms) = preSolution
		Debug|Any CPU = Debug|Any CPU
		Release|Any CPU = Release|Any CPU
	EndGlobalSection
	GlobalSection(ProjectConfigurationPlatforms) = postSolution
		{2CCAF770-2411-087B-692E-DF11839C3A20}.Debug|Any CPU.ActiveCfg = Debug|Any CPU
		{2CCAF770-2411-087B-692E-DF11839C3A20}.Debug|Any CPU.Build.0 = Debug|Any CPU
		{2CCAF770-2411-087B-692E-DF11839C3A20}.Release|Any CPU.ActiveCfg = Release|Any CPU
		{2CCAF770-2411-087B-692E-DF11839C3A20}.Release|Any CPU.Build.0 = Release|Any CPU
		{CEC53456-3F3C-1DBA-D247-7CF7647A7401}.Debug|Any CPU.ActiveCfg = Debug|Any CPU
		{CEC53456-3F3C-1DBA-D247-7CF7647A7401}.Debug|Any CPU.Build.0 = Debug|Any CPU
		{CEC53456-3F3C-1DBA-D247-7CF7647A7401}.Release|Any CPU.ActiveCfg = Release|Any CPU
		{CEC53456-3F3C-1DBA-D247-7CF7647A7401}.Release|Any CPU.Build.0 = Release|Any CPU
	EndGlobalSection
	GlobalSection(SolutionProperties) = preSolution
		HideSolutionNode = FALSE
	EndGlobalSection
	GlobalSection(ExtensibilityGlobals) = postSolution
		SolutionGuid = {416E5B06-2EEA-4C55-A5EC-3BE9AC6B5637}
	EndGlobalSection
EndGlobal
